{
  "version": 3,
  "targets": {
    ".NETStandard,Version=v2.0": {
      "Azure.Communication.Common/1.0.0": {
        "type": "package",
        "dependencies": {
          "Azure.Core": "1.11.0",
          "System.Text.Json": "4.6.0"
        },
        "compile": {
          "lib/netstandard2.0/Azure.Communication.Common.dll": {}
        },
        "runtime": {
          "lib/netstandard2.0/Azure.Communication.Common.dll": {}
        }
      },
      "Azure.Communication.Identity/1.0.0": {
        "type": "package",
        "dependencies": {
          "Azure.Communication.Common": "1.0.0",
          "Azure.Core": "1.11.0",
          "System.Text.Json": "4.6.0"
        },
        "compile": {
          "lib/netstandard2.0/Azure.Communication.Identity.dll": {}
        },
        "runtime": {
          "lib/netstandard2.0/Azure.Communication.Identity.dll": {}
        }
      },
      "Azure.Core/1.11.0": {
        "type": "package",
        "dependencies": {
          "Microsoft.Bcl.AsyncInterfaces": "1.0.0",
          "System.Buffers": "4.5.0",
          "System.Diagnostics.DiagnosticSource": "4.6.0",
          "System.Memory": "4.5.3",
          "System.Memory.Data": "1.0.1",
          "System.Numerics.Vectors": "4.5.0",
          "System.Text.Json": "4.6.0",
          "System.Threading.Tasks.Extensions": "4.5.2"
        },
        "compile": {
          "lib/netstandard2.0/Azure.Core.dll": {}
        },
        "runtime": {
          "lib/netstandard2.0/Azure.Core.dll": {}
        }
      },
      "Microsoft.Bcl.AsyncInterfaces/1.0.0": {
        "type": "package",
        "dependencies": {
          "System.Threading.Tasks.Extensions": "4.5.2"
        },
        "compile": {
          "ref/netstandard2.0/Microsoft.Bcl.AsyncInterfaces.dll": {}
        },
        "runtime": {
          "lib/netstandard2.0/Microsoft.Bcl.AsyncInterfaces.dll": {}
        }
      },
      "Microsoft.NETCore.Platforms/1.1.0": {
        "type": "package",
        "compile": {
          "lib/netstandard1.0/_._": {}
        },
        "runtime": {
          "lib/netstandard1.0/_._": {}
        }
      },
      "NETStandard.Library/2.0.3": {
        "type": "package",
        "dependencies": {
          "Microsoft.NETCore.Platforms": "1.1.0"
        },
        "compile": {
          "lib/netstandard1.0/_._": {}
        },
        "runtime": {
          "lib/netstandard1.0/_._": {}
        },
        "build": {
          "build/netstandard2.0/NETStandard.Library.targets": {}
        }
      },
      "System.Buffers/4.5.0": {
        "type": "package",
        "compile": {
          "ref/netstandard2.0/System.Buffers.dll": {}
        },
        "runtime": {
          "lib/netstandard2.0/System.Buffers.dll": {}
        }
      },
      "System.Diagnostics.DiagnosticSource/4.6.0": {
        "type": "package",
        "dependencies": {
          "System.Memory": "4.5.3"
        },
        "compile": {
          "lib/netstandard1.3/System.Diagnostics.DiagnosticSource.dll": {}
        },
        "runtime": {
          "lib/netstandard1.3/System.Diagnostics.DiagnosticSource.dll": {}
        }
      },
      "System.Memory/4.5.3": {
        "type": "package",
        "dependencies": {
          "System.Buffers": "4.4.0",
          "System.Numerics.Vectors": "4.4.0",
          "System.Runtime.CompilerServices.Unsafe": "4.5.2"
        },
        "compile": {
          "lib/netstandard2.0/System.Memory.dll": {}
        },
        "runtime": {
          "lib/netstandard2.0/System.Memory.dll": {}
        }
      },
      "System.Memory.Data/1.0.1": {
        "type": "package",
        "dependencies": {
          "System.Text.Json": "4.6.0"
        },
        "compile": {
          "lib/netstandard2.0/System.Memory.Data.dll": {}
        },
        "runtime": {
          "lib/netstandard2.0/System.Memory.Data.dll": {}
        }
      },
      "System.Numerics.Vectors/4.5.0": {
        "type": "package",
        "compile": {
          "ref/netstandard2.0/System.Numerics.Vectors.dll": {}
        },
        "runtime": {
          "lib/netstandard2.0/System.Numerics.Vectors.dll": {}
        }
      },
      "System.Runtime.CompilerServices.Unsafe/4.6.0": {
        "type": "package",
        "compile": {
          "ref/netstandard2.0/System.Runtime.CompilerServices.Unsafe.dll": {}
        },
        "runtime": {
          "lib/netstandard2.0/System.Runtime.CompilerServices.Unsafe.dll": {}
        }
      },
      "System.Text.Encodings.Web/4.6.0": {
        "type": "package",
        "dependencies": {
          "System.Memory": "4.5.3"
        },
        "compile": {
          "lib/netstandard2.0/System.Text.Encodings.Web.dll": {}
        },
        "runtime": {
          "lib/netstandard2.0/System.Text.Encodings.Web.dll": {}
        }
      },
      "System.Text.Json/4.6.0": {
        "type": "package",
        "dependencies": {
          "Microsoft.Bcl.AsyncInterfaces": "1.0.0",
          "System.Buffers": "4.5.0",
          "System.Memory": "4.5.3",
          "System.Numerics.Vectors": "4.5.0",
          "System.Runtime.CompilerServices.Unsafe": "4.6.0",
          "System.Text.Encodings.Web": "4.6.0",
          "System.Threading.Tasks.Extensions": "4.5.2"
        },
        "compile": {
          "lib/netstandard2.0/System.Text.Json.dll": {}
        },
        "runtime": {
          "lib/netstandard2.0/System.Text.Json.dll": {}
        }
      },
      "System.Threading.Tasks.Extensions/4.5.2": {
        "type": "package",
        "dependencies": {
          "System.Runtime.CompilerServices.Unsafe": "4.5.2"
        },
        "compile": {
          "lib/netstandard2.0/System.Threading.Tasks.Extensions.dll": {}
        },
        "runtime": {
          "lib/netstandard2.0/System.Threading.Tasks.Extensions.dll": {}
        }
      }
    }
  },
  "libraries": {
    "Azure.Communication.Common/1.0.0": {
      "sha512": "z+JnYe2YLdCB2yjhAaailjMeI7/hge0OuXG8+A7eKzbE0KysbLzFKdYqSPWRN/lqAw1/TKvcTc+TWPGpzkyefg==",
      "type": "package",
      "path": "azure.communication.common/1.0.0",
      "files": [
        ".nupkg.metadata",
        ".signature.p7s",
        "CHANGELOG.md",
        "README.md",
        "azure.communication.common.1.0.0.nupkg.sha512",
        "azure.communication.common.nuspec",
        "lib/netstandard2.0/Azure.Communication.Common.dll",
        "lib/netstandard2.0/Azure.Communication.Common.xml",
        "pkgicon.png"
      ]
    },
    "Azure.Communication.Identity/1.0.0": {
      "sha512": "mrEvAHnTsdxUmvi/iItK8kgL5ZeKVFawl4SL2luvwDPr60TGBr7DIv7pAbom2A4sHq9pHPFr7HOs2fo4SFcIXg==",
      "type": "package",
      "path": "azure.communication.identity/1.0.0",
      "files": [
        ".nupkg.metadata",
        ".signature.p7s",
        "CHANGELOG.md",
        "README.md",
        "azure.communication.identity.1.0.0.nupkg.sha512",
        "azure.communication.identity.nuspec",
        "lib/netstandard2.0/Azure.Communication.Identity.dll",
        "lib/netstandard2.0/Azure.Communication.Identity.xml",
        "pkgicon.png"
      ]
    },
    "Azure.Core/1.11.0": {
      "sha512": "yzA3cdN69MNr+UsPxg5R/11JYXi7N4aCNlUqBA03hRVCwIp4tdrEbujKKYSj2j/9yGGrKYKTOSWgw9Z2kihswQ==",
      "type": "package",
      "path": "azure.core/1.11.0",
      "files": [
        ".nupkg.metadata",
        ".signature.p7s",
        "CHANGELOG.md",
        "README.md",
        "azure.core.1.11.0.nupkg.sha512",
        "azure.core.nuspec",
        "lib/net461/Azure.Core.dll",
        "lib/net461/Azure.Core.xml",
        "lib/net5.0/Azure.Core.dll",
        "lib/net5.0/Azure.Core.xml",
        "lib/netcoreapp2.1/Azure.Core.dll",
        "lib/netcoreapp2.1/Azure.Core.xml",
        "lib/netstandard2.0/Azure.Core.dll",
        "lib/netstandard2.0/Azure.Core.xml",
        "pkgicon.png"
      ]
    },
    "Microsoft.Bcl.AsyncInterfaces/1.0.0": {
      "sha512": "K63Y4hORbBcKLWH5wnKgzyn7TOfYzevIEwIedQHBIkmkEBA9SCqgvom+XTuE+fAFGvINGkhFItaZ2dvMGdT5iw==",
      "type": "package",
      "path": "microsoft.bcl.asyncinterfaces/1.0.0",
      "files": [
        ".nupkg.metadata",
        ".signature.p7s",
        "LICENSE.TXT",
        "THIRD-PARTY-NOTICES.TXT",
        "lib/net461/Microsoft.Bcl.AsyncInterfaces.dll",
        "lib/net461/Microsoft.Bcl.AsyncInterfaces.xml",
        "lib/netstandard2.0/Microsoft.Bcl.AsyncInterfaces.dll",
        "lib/netstandard2.0/Microsoft.Bcl.AsyncInterfaces.xml",
        "lib/netstandard2.1/Microsoft.Bcl.AsyncInterfaces.dll",
        "lib/netstandard2.1/Microsoft.Bcl.AsyncInterfaces.xml",
        "microsoft.bcl.asyncinterfaces.1.0.0.nupkg.sha512",
        "microsoft.bcl.asyncinterfaces.nuspec",
        "ref/net461/Microsoft.Bcl.AsyncInterfaces.dll",
        "ref/netstandard2.0/Microsoft.Bcl.AsyncInterfaces.dll",
        "ref/netstandard2.1/Microsoft.Bcl.AsyncInterfaces.dll",
        "useSharedDesignerContext.txt",
        "version.txt"
      ]
    },
    "Microsoft.NETCore.Platforms/1.1.0": {
      "sha512": "bLpT1f/SFlO1CzqXG12KnJzpZs6lv24uX2Rzi4Fmm0noJpNlnWRVryuO3yK18Ca04t/YHcO1e1Z0WDfjseqNzw==",
      "type": "package",
      "path": "microsoft.netcore.platforms/1.1.0",
      "files": [
        ".nupkg.metadata",
        ".signature.p7s",
        "ThirdPartyNotices.txt",
        "dotnet_library_license.txt",
        "lib/netstandard1.0/_._",
        "microsoft.netcore.platforms.1.1.0.nupkg.sha512",
        "microsoft.netcore.platforms.nuspec",
        "runtime.json"
      ]
    },
    "NETStandard.Library/2.0.3": {
      "sha512": "st47PosZSHrjECdjeIzZQbzivYBJFv6P2nv4cj2ypdI204DO+vZ7l5raGMiX4eXMJ53RfOIg+/s4DHVZ54Nu2A==",
      "type": "package",
      "path": "netstandard.library/2.0.3",
      "files": [
        ".nupkg.metadata",
        "LICENSE.TXT",
        "THIRD-PARTY-NOTICES.TXT",
        "build/netstandard2.0/NETStandard.Library.targets",
        "build/netstandard2.0/ref/Microsoft.Win32.Primitives.dll",
        "build/netstandard2.0/ref/System.AppContext.dll",
        "build/netstandard2.0/ref/System.Collections.Concurrent.dll",
        "build/netstandard2.0/ref/System.Collections.NonGeneric.dll",
        "build/netstandard2.0/ref/System.Collections.Specialized.dll",
        "build/netstandard2.0/ref/System.Collections.dll",
        "build/netstandard2.0/ref/System.ComponentModel.Composition.dll",
        "build/netstandard2.0/ref/System.ComponentModel.EventBasedAsync.dll",
        "build/netstandard2.0/ref/System.ComponentModel.Primitives.dll",
        "build/netstandard2.0/ref/System.ComponentModel.TypeConverter.dll",
        "build/netstandard2.0/ref/System.ComponentModel.dll",
        "build/netstandard2.0/ref/System.Console.dll",
        "build/netstandard2.0/ref/System.Core.dll",
        "build/netstandard2.0/ref/System.Data.Common.dll",
        "build/netstandard2.0/ref/System.Data.dll",
        "build/netstandard2.0/ref/System.Diagnostics.Contracts.dll",
        "build/netstandard2.0/ref/System.Diagnostics.Debug.dll",
        "build/netstandard2.0/ref/System.Diagnostics.FileVersionInfo.dll",
        "build/netstandard2.0/ref/System.Diagnostics.Process.dll",
        "build/netstandard2.0/ref/System.Diagnostics.StackTrace.dll",
        "build/netstandard2.0/ref/System.Diagnostics.TextWriterTraceListener.dll",
        "build/netstandard2.0/ref/System.Diagnostics.Tools.dll",
        "build/netstandard2.0/ref/System.Diagnostics.TraceSource.dll",
        "build/netstandard2.0/ref/System.Diagnostics.Tracing.dll",
        "build/netstandard2.0/ref/System.Drawing.Primitives.dll",
        "build/netstandard2.0/ref/System.Drawing.dll",
        "build/netstandard2.0/ref/System.Dynamic.Runtime.dll",
        "build/netstandard2.0/ref/System.Globalization.Calendars.dll",
        "build/netstandard2.0/ref/System.Globalization.Extensions.dll",
        "build/netstandard2.0/ref/System.Globalization.dll",
        "build/netstandard2.0/ref/System.IO.Compression.FileSystem.dll",
        "build/netstandard2.0/ref/System.IO.Compression.ZipFile.dll",
        "build/netstandard2.0/ref/System.IO.Compression.dll",
        "build/netstandard2.0/ref/System.IO.FileSystem.DriveInfo.dll",
        "build/netstandard2.0/ref/System.IO.FileSystem.Primitives.dll",
        "build/netstandard2.0/ref/System.IO.FileSystem.Watcher.dll",
        "build/netstandard2.0/ref/System.IO.FileSystem.dll",
        "build/netstandard2.0/ref/System.IO.IsolatedStorage.dll",
        "build/netstandard2.0/ref/System.IO.MemoryMappedFiles.dll",
        "build/netstandard2.0/ref/System.IO.Pipes.dll",
        "build/netstandard2.0/ref/System.IO.UnmanagedMemoryStream.dll",
        "build/netstandard2.0/ref/System.IO.dll",
        "build/netstandard2.0/ref/System.Linq.Expressions.dll",
        "build/netstandard2.0/ref/System.Linq.Parallel.dll",
        "build/netstandard2.0/ref/System.Linq.Queryable.dll",
        "build/netstandard2.0/ref/System.Linq.dll",
        "build/netstandard2.0/ref/System.Net.Http.dll",
        "build/netstandard2.0/ref/System.Net.NameResolution.dll",
        "build/netstandard2.0/ref/System.Net.NetworkInformation.dll",
        "build/netstandard2.0/ref/System.Net.Ping.dll",
        "build/netstandard2.0/ref/System.Net.Primitives.dll",
        "build/netstandard2.0/ref/System.Net.Requests.dll",
        "build/netstandard2.0/ref/System.Net.Security.dll",
        "build/netstandard2.0/ref/System.Net.Sockets.dll",
        "build/netstandard2.0/ref/System.Net.WebHeaderCollection.dll",
        "build/netstandard2.0/ref/System.Net.WebSockets.Client.dll",
        "build/netstandard2.0/ref/System.Net.WebSockets.dll",
        "build/netstandard2.0/ref/System.Net.dll",
        "build/netstandard2.0/ref/System.Numerics.dll",
        "build/netstandard2.0/ref/System.ObjectModel.dll",
        "build/netstandard2.0/ref/System.Reflection.Extensions.dll",
        "build/netstandard2.0/ref/System.Reflection.Primitives.dll",
        "build/netstandard2.0/ref/System.Reflection.dll",
        "build/netstandard2.0/ref/System.Resources.Reader.dll",
        "build/netstandard2.0/ref/System.Resources.ResourceManager.dll",
        "build/netstandard2.0/ref/System.Resources.Writer.dll",
        "build/netstandard2.0/ref/System.Runtime.CompilerServices.VisualC.dll",
        "build/netstandard2.0/ref/System.Runtime.Extensions.dll",
        "build/netstandard2.0/ref/System.Runtime.Handles.dll",
        "build/netstandard2.0/ref/System.Runtime.InteropServices.RuntimeInformation.dll",
        "build/netstandard2.0/ref/System.Runtime.InteropServices.dll",
        "build/netstandard2.0/ref/System.Runtime.Numerics.dll",
        "build/netstandard2.0/ref/System.Runtime.Serialization.Formatters.dll",
        "build/netstandard2.0/ref/System.Runtime.Serialization.Json.dll",
        "build/netstandard2.0/ref/System.Runtime.Serialization.Primitives.dll",
        "build/netstandard2.0/ref/System.Runtime.Serialization.Xml.dll",
        "build/netstandard2.0/ref/System.Runtime.Serialization.dll",
        "build/netstandard2.0/ref/System.Runtime.dll",
        "build/netstandard2.0/ref/System.Security.Claims.dll",
        "build/netstandard2.0/ref/System.Security.Cryptography.Algorithms.dll",
        "build/netstandard2.0/ref/System.Security.Cryptography.Csp.dll",
        "build/netstandard2.0/ref/System.Security.Cryptography.Encoding.dll",
        "build/netstandard2.0/ref/System.Security.Cryptography.Primitives.dll",
        "build/netstandard2.0/ref/System.Security.Cryptography.X509Certificates.dll",
        "build/netstandard2.0/ref/System.Security.Principal.dll",
        "build/netstandard2.0/ref/System.Security.SecureString.dll",
        "build/netstandard2.0/ref/System.ServiceModel.Web.dll",
        "build/netstandard2.0/ref/System.Text.Encoding.Extensions.dll",
        "build/netstandard2.0/ref/System.Text.Encoding.dll",
        "build/netstandard2.0/ref/System.Text.RegularExpressions.dll",
        "build/netstandard2.0/ref/System.Threading.Overlapped.dll",
        "build/netstandard2.0/ref/System.Threading.Tasks.Parallel.dll",
        "build/netstandard2.0/ref/System.Threading.Tasks.dll",
        "build/netstandard2.0/ref/System.Threading.Thread.dll",
        "build/netstandard2.0/ref/System.Threading.ThreadPool.dll",
        "build/netstandard2.0/ref/System.Threading.Timer.dll",
        "build/netstandard2.0/ref/System.Threading.dll",
        "build/netstandard2.0/ref/System.Transactions.dll",
        "build/netstandard2.0/ref/System.ValueTuple.dll",
        "build/netstandard2.0/ref/System.Web.dll",
        "build/netstandard2.0/ref/System.Windows.dll",
        "build/netstandard2.0/ref/System.Xml.Linq.dll",
        "build/netstandard2.0/ref/System.Xml.ReaderWriter.dll",
        "build/netstandard2.0/ref/System.Xml.Serialization.dll",
        "build/netstandard2.0/ref/System.Xml.XDocument.dll",
        "build/netstandard2.0/ref/System.Xml.XPath.XDocument.dll",
        "build/netstandard2.0/ref/System.Xml.XPath.dll",
        "build/netstandard2.0/ref/System.Xml.XmlDocument.dll",
        "build/netstandard2.0/ref/System.Xml.XmlSerializer.dll",
        "build/netstandard2.0/ref/System.Xml.dll",
        "build/netstandard2.0/ref/System.dll",
        "build/netstandard2.0/ref/mscorlib.dll",
        "build/netstandard2.0/ref/netstandard.dll",
        "lib/netstandard1.0/_._",
        "netstandard.library.2.0.3.nupkg.sha512",
        "netstandard.library.nuspec"
      ]
    },
    "System.Buffers/4.5.0": {
      "sha512": "xpHYjjtyTEpzMwtSQBWdVc3dPjLdQtvyUg6fBlBqcLl1r2Y7gDG/W/enAYOB98nG3oD3Q153Y2FBO8JDWd+0Xw==",
      "type": "package",
      "path": "system.buffers/4.5.0",
      "files": [
        ".nupkg.metadata",
        ".signature.p7s",
        "LICENSE.TXT",
        "THIRD-PARTY-NOTICES.TXT",
        "lib/netcoreapp2.0/_._",
        "lib/netstandard1.1/System.Buffers.dll",
        "lib/netstandard2.0/System.Buffers.dll",
        "lib/uap10.0.16299/_._",
        "ref/net45/System.Buffers.dll",
        "ref/netcoreapp2.0/_._",
        "ref/netstandard1.1/System.Buffers.dll",
        "ref/netstandard2.0/System.Buffers.dll",
        "ref/uap10.0.16299/_._",
        "system.buffers.4.5.0.nupkg.sha512",
        "system.buffers.nuspec",
        "useSharedDesignerContext.txt",
        "version.txt"
      ]
    },
    "System.Diagnostics.DiagnosticSource/4.6.0": {
      "sha512": "mbBgoR0rRfl2uimsZ2avZY8g7Xnh1Mza0rJZLPcxqiMWlkGukjmRkuMJ/er+AhQuiRIh80CR/Hpeztr80seV5g==",
      "type": "package",
      "path": "system.diagnostics.diagnosticsource/4.6.0",
      "files": [
        ".nupkg.metadata",
        ".signature.p7s",
        "LICENSE.TXT",
        "THIRD-PARTY-NOTICES.TXT",
        "lib/net45/System.Diagnostics.DiagnosticSource.dll",
        "lib/net45/System.Diagnostics.DiagnosticSource.xml",
        "lib/net46/System.Diagnostics.DiagnosticSource.dll",
        "lib/net46/System.Diagnostics.DiagnosticSource.xml",
        "lib/netstandard1.1/System.Diagnostics.DiagnosticSource.dll",
        "lib/netstandard1.1/System.Diagnostics.DiagnosticSource.xml",
        "lib/netstandard1.3/System.Diagnostics.DiagnosticSource.dll",
        "lib/netstandard1.3/System.Diagnostics.DiagnosticSource.xml",
        "lib/portable-net45+win8+wpa81/System.Diagnostics.DiagnosticSource.dll",
        "lib/portable-net45+win8+wpa81/System.Diagnostics.DiagnosticSource.xml",
        "system.diagnostics.diagnosticsource.4.6.0.nupkg.sha512",
        "system.diagnostics.diagnosticsource.nuspec",
        "useSharedDesignerContext.txt",
        "version.txt"
      ]
    },
    "System.Memory/4.5.3": {
      "sha512": "3oDzvc/zzetpTKWMShs1AADwZjQ/36HnsufHRPcOjyRAAMLDlu2iD33MBI2opxnezcVUtXyqDXXjoFMOU9c7SA==",
      "type": "package",
      "path": "system.memory/4.5.3",
      "files": [
        ".nupkg.metadata",
        ".signature.p7s",
        "LICENSE.TXT",
        "THIRD-PARTY-NOTICES.TXT",
        "lib/netcoreapp2.1/_._",
        "lib/netstandard1.1/System.Memory.dll",
        "lib/netstandard1.1/System.Memory.xml",
        "lib/netstandard2.0/System.Memory.dll",
        "lib/netstandard2.0/System.Memory.xml",
        "ref/netcoreapp2.1/_._",
        "system.memory.4.5.3.nupkg.sha512",
        "system.memory.nuspec",
        "useSharedDesignerContext.txt",
        "version.txt"
      ]
    },
    "System.Memory.Data/1.0.1": {
      "sha512": "ujvrOjcni2QQbr6hG2AkUTWLb/xplrx0mt6HrdHFCzzGky2d5J6YD60TKAEf8SBk33cfSzTvFmXewAVaPY/dZg==",
      "type": "package",
      "path": "system.memory.data/1.0.1",
      "files": [
        ".nupkg.metadata",
        ".signature.p7s",
        "CHANGELOG.md",
        "DotNetPackageIcon.png",
        "README.md",
        "lib/net461/System.Memory.Data.dll",
        "lib/net461/System.Memory.Data.xml",
        "lib/netstandard2.0/System.Memory.Data.dll",
        "lib/netstandard2.0/System.Memory.Data.xml",
        "system.memory.data.1.0.1.nupkg.sha512",
        "system.memory.data.nuspec"
      ]
    },
    "System.Numerics.Vectors/4.5.0": {
      "sha512": "MNcaYxUJvUcoXOa+jgKl/GDw/Mh+wMrxDjW4dre7qrp35LUGTjUBNtZsNjxsWX592ocdyqt1X5hMJB+5OStoYw==",
      "type": "package",
      "path": "system.numerics.vectors/4.5.0",
      "files": [
        ".nupkg.metadata",
        ".signature.p7s",
        "LICENSE.TXT",
        "THIRD-PARTY-NOTICES.TXT",
        "lib/MonoAndroid10/_._",
        "lib/MonoTouch10/_._",
        "lib/net46/System.Numerics.Vectors.dll",
        "lib/netcoreapp2.0/_._",
        "lib/netstandard1.0/System.Numerics.Vectors.dll",
        "lib/netstandard2.0/System.Numerics.Vectors.dll",
        "lib/portable-net45+win8+wp8+wpa81/System.Numerics.Vectors.dll",
        "lib/uap10.0.16299/_._",
        "lib/xamarinios10/_._",
        "lib/xamarinmac20/_._",
        "lib/xamarintvos10/_._",
        "lib/xamarinwatchos10/_._",
        "ref/MonoAndroid10/_._",
        "ref/MonoTouch10/_._",
        "ref/net45/System.Numerics.Vectors.dll",
        "ref/net46/System.Numerics.Vectors.dll",
        "ref/netcoreapp2.0/_._",
        "ref/netstandard1.0/System.Numerics.Vectors.dll",
        "ref/netstandard2.0/System.Numerics.Vectors.dll",
        "ref/uap10.0.16299/_._",
        "ref/xamarinios10/_._",
        "ref/xamarinmac20/_._",
        "ref/xamarintvos10/_._",
        "ref/xamarinwatchos10/_._",
        "system.numerics.vectors.4.5.0.nupkg.sha512",
        "system.numerics.vectors.nuspec",
        "useSharedDesignerContext.txt",
        "version.txt"
      ]
    },
    "System.Runtime.CompilerServices.Unsafe/4.6.0": {
      "sha512": "HxozeSlipUK7dAroTYwIcGwKDeOVpQnJlpVaOkBz7CM4TsE5b/tKlQBZecTjh6FzcSbxndYaxxpsBMz+wMJeyw==",
      "type": "package",
      "path": "system.runtime.compilerservices.unsafe/4.6.0",
      "files": [
        ".nupkg.metadata",
        ".signature.p7s",
        "LICENSE.TXT",
        "THIRD-PARTY-NOTICES.TXT",
        "lib/netcoreapp2.0/System.Runtime.CompilerServices.Unsafe.dll",
        "lib/netcoreapp2.0/System.Runtime.CompilerServices.Unsafe.xml",
        "lib/netstandard1.0/System.Runtime.CompilerServices.Unsafe.dll",
        "lib/netstandard1.0/System.Runtime.CompilerServices.Unsafe.xml",
        "lib/netstandard2.0/System.Runtime.CompilerServices.Unsafe.dll",
        "lib/netstandard2.0/System.Runtime.CompilerServices.Unsafe.xml",
        "ref/netstandard1.0/System.Runtime.CompilerServices.Unsafe.dll",
        "ref/netstandard1.0/System.Runtime.CompilerServices.Unsafe.xml",
        "ref/netstandard2.0/System.Runtime.CompilerServices.Unsafe.dll",
        "ref/netstandard2.0/System.Runtime.CompilerServices.Unsafe.xml",
        "system.runtime.compilerservices.unsafe.4.6.0.nupkg.sha512",
        "system.runtime.compilerservices.unsafe.nuspec",
        "useSharedDesignerContext.txt",
        "version.txt"
      ]
    },
    "System.Text.Encodings.Web/4.6.0": {
      "sha512": "BXgFO8Yi7ao7hVA/nklD0Hre1Bbce048ZqryGZVFifGNPuh+2jqF1i/jLJLMfFGZIzUOw+nCIeH24SQhghDSPw==",
      "type": "package",
      "path": "system.text.encodings.web/4.6.0",
      "files": [
        ".nupkg.metadata",
        ".signature.p7s",
        "LICENSE.TXT",
        "THIRD-PARTY-NOTICES.TXT",
        "lib/netcoreapp3.0/System.Text.Encodings.Web.dll",
        "lib/netcoreapp3.0/System.Text.Encodings.Web.xml",
        "lib/netstandard1.0/System.Text.Encodings.Web.dll",
        "lib/netstandard1.0/System.Text.Encodings.Web.xml",
        "lib/netstandard2.0/System.Text.Encodings.Web.dll",
        "lib/netstandard2.0/System.Text.Encodings.Web.xml",
        "system.text.encodings.web.4.6.0.nupkg.sha512",
        "system.text.encodings.web.nuspec",
        "useSharedDesignerContext.txt",
        "version.txt"
      ]
    },
    "System.Text.Json/4.6.0": {
      "sha512": "4F8Xe+JIkVoDJ8hDAZ7HqLkjctN/6WItJIzQaifBwClC7wmoLSda/Sv2i6i1kycqDb3hWF4JCVbpAweyOKHEUA==",
      "type": "package",
      "path": "system.text.json/4.6.0",
      "files": [
        ".nupkg.metadata",
        ".signature.p7s",
        "LICENSE.TXT",
        "THIRD-PARTY-NOTICES.TXT",
        "lib/net461/System.Text.Json.dll",
        "lib/net461/System.Text.Json.xml",
        "lib/netcoreapp3.0/System.Text.Json.dll",
        "lib/netcoreapp3.0/System.Text.Json.xml",
        "lib/netstandard2.0/System.Text.Json.dll",
        "lib/netstandard2.0/System.Text.Json.xml",
        "system.text.json.4.6.0.nupkg.sha512",
        "system.text.json.nuspec",
        "useSharedDesignerContext.txt",
        "version.txt"
      ]
    },
    "System.Threading.Tasks.Extensions/4.5.2": {
      "sha512": "BG/TNxDFv0svAzx8OiMXDlsHfGw623BZ8tCXw4YLhDFDvDhNUEV58jKYMGRnkbJNm7c3JNNJDiN7JBMzxRBR2w==",
      "type": "package",
      "path": "system.threading.tasks.extensions/4.5.2",
      "files": [
        ".nupkg.metadata",
        ".signature.p7s",
        "LICENSE.TXT",
        "THIRD-PARTY-NOTICES.TXT",
        "lib/MonoAndroid10/_._",
        "lib/MonoTouch10/_._",
        "lib/netcoreapp2.1/_._",
        "lib/netstandard1.0/System.Threading.Tasks.Extensions.dll",
        "lib/netstandard1.0/System.Threading.Tasks.Extensions.xml",
        "lib/netstandard2.0/System.Threading.Tasks.Extensions.dll",
        "lib/netstandard2.0/System.Threading.Tasks.Extensions.xml",
        "lib/portable-net45+win8+wp8+wpa81/System.Threading.Tasks.Extensions.dll",
        "lib/portable-net45+win8+wp8+wpa81/System.Threading.Tasks.Extensions.xml",
        "lib/xamarinios10/_._",
        "lib/xamarinmac20/_._",
        "lib/xamarintvos10/_._",
        "lib/xamarinwatchos10/_._",
        "ref/MonoAndroid10/_._",
        "ref/MonoTouch10/_._",
        "ref/netcoreapp2.1/_._",
        "ref/xamarinios10/_._",
        "ref/xamarinmac20/_._",
        "ref/xamarintvos10/_._",
        "ref/xamarinwatchos10/_._",
        "system.threading.tasks.extensions.4.5.2.nupkg.sha512",
        "system.threading.tasks.extensions.nuspec",
        "useSharedDesignerContext.txt",
        "version.txt"
      ]
    }
  },
  "projectFileDependencyGroups": {
    ".NETStandard,Version=v2.0": [
      "Azure.Communication.Identity >= 1.0.0",
      "NETStandard.Library >= 2.0.3"
    ]
  },
  "packageFolders": {
    "C:\\home\\data\\Functions\\packages\\nuget": {},
    "C:\\Program Files (x86)\\dotnet\\sdk\\NuGetFallbackFolder": {}
  },
  "project": {
    "version": "1.0.0",
    "restore": {
      "projectUniqueName": "C:\\local\\Temp\\1ec31a10-b847-4cbf-a5df-adf8197ea676\\function.proj",
      "projectName": "function",
      "projectPath": "C:\\local\\Temp\\1ec31a10-b847-4cbf-a5df-adf8197ea676\\function.proj",
      "packagesPath": "C:\\home\\data\\Functions\\packages\\nuget",
      "outputPath": "C:\\local\\Temp\\1ec31a10-b847-4cbf-a5df-adf8197ea676\\obj\\",
      "projectStyle": "PackageReference",
      "fallbackFolders": [
        "C:\\Program Files (x86)\\dotnet\\sdk\\NuGetFallbackFolder"
      ],
      "configFilePaths": [
        "C:\\local\\AppData\\NuGet\\NuGet.Config"
      ],
      "originalTargetFrameworks": [
        "netstandard2.0"
      ],
      "sources": {
        "https://api.nuget.org/v3/index.json": {}
      },
      "frameworks": {
        "netstandard2.0": {
          "targetAlias": "netstandard2.0",
          "projectReferences": {}
        }
      }
    },
    "frameworks": {
      "netstandard2.0": {
        "targetAlias": "netstandard2.0",
        "dependencies": {
          "Azure.Communication.Identity": {
            "target": "Package",
            "version": "[1.0.0, )"
          },
          "NETStandard.Library": {
            "suppressParent": "All",
            "target": "Package",
            "version": "[2.0.3, )",
            "autoReferenced": true
          }
        },
        "imports": [
          "net461",
          "net462",
          "net47",
          "net471",
          "net472",
          "net48"
        ],
        "assetTargetFallback": true,
        "warn": true,
        "runtimeIdentifierGraphPath": "C:\\Program Files (x86)\\dotnet\\sdk\\5.0.201\\RuntimeIdentifierGraph.json"
      }
    }
  }
}